
Microsoft Visual Studio Solution File, Format Version 12.00
# Visual Studio Version 17
VisualStudioVersion = 17.14.36616.10 d17.14
MinimumVisualStudioVersion = 10.0.40219.1
Project("{FAE04EC0-301F-11D3-BF4B-00C04F79EFBC}") = "eCommerce.API", "eCommerce.API\eCommerce.API.csproj", "{0BBED1DA-0307-4805-B8EC-6559F27CA9DB}"
EndProject
<<<<<<< HEAD
Project("{FAE04EC0-301F-11D3-BF4B-00C04F79EFBC}") = "eCommerce.Infrastructure", "eCommerce.Infrastructure\eCommerce.Infrastructure.csproj", "{7374B9B1-9112-4B12-8539-93E4BFA425BD}"
EndProject
=======
>>>>>>> e6105c28658700d0d2732e7214c47da7dbdacf79
Global
	GlobalSection(SolutionConfigurationPlatforms) = preSolution
		Debug|Any CPU = Debug|Any CPU
		Release|Any CPU = Release|Any CPU
	EndGlobalSection
	GlobalSection(ProjectConfigurationPlatforms) = postSolution
		{0BBED1DA-0307-4805-B8EC-6559F27CA9DB}.Debug|Any CPU.ActiveCfg = Debug|Any CPU
		{0BBED1DA-0307-4805-B8EC-6559F27CA9DB}.Debug|Any CPU.Build.0 = Debug|Any CPU
		{0BBED1DA-0307-4805-B8EC-6559F27CA9DB}.Release|Any CPU.ActiveCfg = Release|Any CPU
		{0BBED1DA-0307-4805-B8EC-6559F27CA9DB}.Release|Any CPU.Build.0 = Release|Any CPU
<<<<<<< HEAD
		{7374B9B1-9112-4B12-8539-93E4BFA425BD}.Debug|Any CPU.ActiveCfg = Debug|Any CPU
		{7374B9B1-9112-4B12-8539-93E4BFA425BD}.Debug|Any CPU.Build.0 = Debug|Any CPU
		{7374B9B1-9112-4B12-8539-93E4BFA425BD}.Release|Any CPU.ActiveCfg = Release|Any CPU
		{7374B9B1-9112-4B12-8539-93E4BFA425BD}.Release|Any CPU.Build.0 = Release|Any CPU
=======
>>>>>>> e6105c28658700d0d2732e7214c47da7dbdacf79
	EndGlobalSection
	GlobalSection(SolutionProperties) = preSolution
		HideSolutionNode = FALSE
	EndGlobalSection
	GlobalSection(ExtensibilityGlobals) = postSolution
		SolutionGuid = {9C2F0BB9-7A4E-4036-8F42-823DB3FE4206}
	EndGlobalSection
EndGlobal
